
Microsoft Visual Studio Solution File, Format Version 12.00
# Visual Studio Version 16
VisualStudioVersion = 16.0.29519.181
MinimumVisualStudioVersion = 10.0.40219.1
Project("{2150E333-8FDC-42A3-9474-1A3956D46DE8}") = "src", "src", "{08BC1BEA-D6F8-46AC-AA1B-BECCEFC6C47B}"
EndProject
Project("{2150E333-8FDC-42A3-9474-1A3956D46DE8}") = "Catalog", "Catalog", "{85C84A2D-B017-4905-AAA4-EEF8FF629166}"
EndProject
Project("{9A19103F-16F7-4668-BE54-9A1E7A4F7556}") = "Catalog.Api", "src\Catalog\Catalog.Api\Catalog.Api.csproj", "{65885CB9-CFB4-4512-98EA-8380A72F73E3}"
EndProject
Project("{E53339B2-1760-4266-BCC7-CA923CBCF16C}") = "docker-compose", "docker-compose.dcproj", "{85EC09F9-A354-4BF9-B0A7-850644A9799D}"
EndProject
Project("{2150E333-8FDC-42A3-9474-1A3956D46DE8}") = "Basket", "Basket", "{AB0E8AB2-B134-44B1-8F8E-0F5D9D30E87A}"
EndProject
Project("{9A19103F-16F7-4668-BE54-9A1E7A4F7556}") = "Basket.Api", "src\Basket\Basket.Api\Basket.Api.csproj", "{71217120-92D8-489C-A42A-72ED0D94EF20}"
EndProject
Project("{2150E333-8FDC-42A3-9474-1A3956D46DE8}") = "Common", "Common", "{DD5F27E1-F94C-489C-A9B2-FBABAD20F9E3}"
EndProject
Project("{9A19103F-16F7-4668-BE54-9A1E7A4F7556}") = "EventBusRabbitMQ", "src\Common\EventBusRabbitMQ\EventBusRabbitMQ.csproj", "{38118D1A-975B-4248-B146-CE7D2EC7CAF4}"
EndProject
Project("{2150E333-8FDC-42A3-9474-1A3956D46DE8}") = "Ordering", "Ordering", "{9A0786A4-9157-4496-98D9-C9B151F84142}"
EndProject
Project("{9A19103F-16F7-4668-BE54-9A1E7A4F7556}") = "Ordering.Api", "src\Ordering\Ordering.Api\Ordering.Api.csproj", "{9D68E4B6-5109-406C-8DF0-874F0B6477DF}"
EndProject
Project("{9A19103F-16F7-4668-BE54-9A1E7A4F7556}") = "Ordering.Core", "src\Ordering\Ordering.Core\Ordering.Core.csproj", "{0BACEC0C-935F-4098-840F-93CCA687A27D}"
EndProject
Project("{9A19103F-16F7-4668-BE54-9A1E7A4F7556}") = "Ordering.Infrastructure", "src\Ordering\Ordering.Infrastructure\Ordering.Infrastructure.csproj", "{173246AC-7C4A-4091-8279-E81522D7D690}"
EndProject
Project("{9A19103F-16F7-4668-BE54-9A1E7A4F7556}") = "Ordering.Application", "src\Ordering\Ordering.Application\Ordering.Application.csproj", "{88C462C6-5BB2-4865-B767-DAC9CAECF270}"
EndProject
Project("{2150E333-8FDC-42A3-9474-1A3956D46DE8}") = "ApiGateway", "ApiGateway", "{32DAC275-36AB-4BB7-871E-284403E95A25}"
EndProject
Project("{9A19103F-16F7-4668-BE54-9A1E7A4F7556}") = "OcelotApiGateway", "src\ApiGateway\OcelotApiGateway\OcelotApiGateway.csproj", "{10ED9E5D-689C-4EFA-A651-5EE640F2D468}"
EndProject
Project("{2150E333-8FDC-42A3-9474-1A3956D46DE8}") = "WebApp", "WebApp", "{D2C17B69-61A7-4EBE-9794-CDA41F36A773}"
EndProject
Project("{9A19103F-16F7-4668-BE54-9A1E7A4F7556}") = "AspnetRunBasics", "src\WebApp\AspnetRunBasics\AspnetRunBasics.csproj", "{1935F1C2-C9D1-4EEE-B4E8-EADC867DE989}"
EndProject
Global
	GlobalSection(SolutionConfigurationPlatforms) = preSolution
		Debug|Any CPU = Debug|Any CPU
		Release|Any CPU = Release|Any CPU
	EndGlobalSection
	GlobalSection(ProjectConfigurationPlatforms) = postSolution
		{65885CB9-CFB4-4512-98EA-8380A72F73E3}.Debug|Any CPU.ActiveCfg = Debug|Any CPU
		{65885CB9-CFB4-4512-98EA-8380A72F73E3}.Debug|Any CPU.Build.0 = Debug|Any CPU
		{65885CB9-CFB4-4512-98EA-8380A72F73E3}.Release|Any CPU.ActiveCfg = Release|Any CPU
		{65885CB9-CFB4-4512-98EA-8380A72F73E3}.Release|Any CPU.Build.0 = Release|Any CPU
		{85EC09F9-A354-4BF9-B0A7-850644A9799D}.Debug|Any CPU.ActiveCfg = Debug|Any CPU
		{85EC09F9-A354-4BF9-B0A7-850644A9799D}.Debug|Any CPU.Build.0 = Debug|Any CPU
		{85EC09F9-A354-4BF9-B0A7-850644A9799D}.Release|Any CPU.ActiveCfg = Release|Any CPU
		{85EC09F9-A354-4BF9-B0A7-850644A9799D}.Release|Any CPU.Build.0 = Release|Any CPU
		{71217120-92D8-489C-A42A-72ED0D94EF20}.Debug|Any CPU.ActiveCfg = Debug|Any CPU
		{71217120-92D8-489C-A42A-72ED0D94EF20}.Debug|Any CPU.Build.0 = Debug|Any CPU
		{71217120-92D8-489C-A42A-72ED0D94EF20}.Release|Any CPU.ActiveCfg = Release|Any CPU
		{71217120-92D8-489C-A42A-72ED0D94EF20}.Release|Any CPU.Build.0 = Release|Any CPU
		{38118D1A-975B-4248-B146-CE7D2EC7CAF4}.Debug|Any CPU.ActiveCfg = Debug|Any CPU
		{38118D1A-975B-4248-B146-CE7D2EC7CAF4}.Debug|Any CPU.Build.0 = Debug|Any CPU
		{38118D1A-975B-4248-B146-CE7D2EC7CAF4}.Release|Any CPU.ActiveCfg = Release|Any CPU
		{38118D1A-975B-4248-B146-CE7D2EC7CAF4}.Release|Any CPU.Build.0 = Release|Any CPU
		{9D68E4B6-5109-406C-8DF0-874F0B6477DF}.Debug|Any CPU.ActiveCfg = Debug|Any CPU
		{9D68E4B6-5109-406C-8DF0-874F0B6477DF}.Debug|Any CPU.Build.0 = Debug|Any CPU
		{9D68E4B6-5109-406C-8DF0-874F0B6477DF}.Release|Any CPU.ActiveCfg = Release|Any CPU
		{9D68E4B6-5109-406C-8DF0-874F0B6477DF}.Release|Any CPU.Build.0 = Release|Any CPU
		{0BACEC0C-935F-4098-840F-93CCA687A27D}.Debug|Any CPU.ActiveCfg = Debug|Any CPU
		{0BACEC0C-935F-4098-840F-93CCA687A27D}.Debug|Any CPU.Build.0 = Debug|Any CPU
		{0BACEC0C-935F-4098-840F-93CCA687A27D}.Release|Any CPU.ActiveCfg = Release|Any CPU
		{0BACEC0C-935F-4098-840F-93CCA687A27D}.Release|Any CPU.Build.0 = Release|Any CPU
		{173246AC-7C4A-4091-8279-E81522D7D690}.Debug|Any CPU.ActiveCfg = Debug|Any CPU
		{173246AC-7C4A-4091-8279-E81522D7D690}.Debug|Any CPU.Build.0 = Debug|Any CPU
		{173246AC-7C4A-4091-8279-E81522D7D690}.Release|Any CPU.ActiveCfg = Release|Any CPU
		{173246AC-7C4A-4091-8279-E81522D7D690}.Release|Any CPU.Build.0 = Release|Any CPU
		{88C462C6-5BB2-4865-B767-DAC9CAECF270}.Debug|Any CPU.ActiveCfg = Debug|Any CPU
		{88C462C6-5BB2-4865-B767-DAC9CAECF270}.Debug|Any CPU.Build.0 = Debug|Any CPU
		{88C462C6-5BB2-4865-B767-DAC9CAECF270}.Release|Any CPU.ActiveCfg = Release|Any CPU
		{88C462C6-5BB2-4865-B767-DAC9CAECF270}.Release|Any CPU.Build.0 = Release|Any CPU
		{10ED9E5D-689C-4EFA-A651-5EE640F2D468}.Debug|Any CPU.ActiveCfg = Debug|Any CPU
		{10ED9E5D-689C-4EFA-A651-5EE640F2D468}.Debug|Any CPU.Build.0 = Debug|Any CPU
		{10ED9E5D-689C-4EFA-A651-5EE640F2D468}.Release|Any CPU.ActiveCfg = Release|Any CPU
		{10ED9E5D-689C-4EFA-A651-5EE640F2D468}.Release|Any CPU.Build.0 = Release|Any CPU
		{1935F1C2-C9D1-4EEE-B4E8-EADC867DE989}.Debug|Any CPU.ActiveCfg = Debug|Any CPU
		{1935F1C2-C9D1-4EEE-B4E8-EADC867DE989}.Debug|Any CPU.Build.0 = Debug|Any CPU
		{1935F1C2-C9D1-4EEE-B4E8-EADC867DE989}.Release|Any CPU.ActiveCfg = Release|Any CPU
		{1935F1C2-C9D1-4EEE-B4E8-EADC867DE989}.Release|Any CPU.Build.0 = Release|Any CPU
	EndGlobalSection
	GlobalSection(SolutionProperties) = preSolution
		HideSolutionNode = FALSE
	EndGlobalSection
	GlobalSection(NestedProjects) = preSolution
		{85C84A2D-B017-4905-AAA4-EEF8FF629166} = {08BC1BEA-D6F8-46AC-AA1B-BECCEFC6C47B}
		{65885CB9-CFB4-4512-98EA-8380A72F73E3} = {85C84A2D-B017-4905-AAA4-EEF8FF629166}
		{AB0E8AB2-B134-44B1-8F8E-0F5D9D30E87A} = {08BC1BEA-D6F8-46AC-AA1B-BECCEFC6C47B}
		{71217120-92D8-489C-A42A-72ED0D94EF20} = {AB0E8AB2-B134-44B1-8F8E-0F5D9D30E87A}
		{DD5F27E1-F94C-489C-A9B2-FBABAD20F9E3} = {08BC1BEA-D6F8-46AC-AA1B-BECCEFC6C47B}
		{38118D1A-975B-4248-B146-CE7D2EC7CAF4} = {DD5F27E1-F94C-489C-A9B2-FBABAD20F9E3}
		{9A0786A4-9157-4496-98D9-C9B151F84142} = {08BC1BEA-D6F8-46AC-AA1B-BECCEFC6C47B}
		{9D68E4B6-5109-406C-8DF0-874F0B6477DF} = {9A0786A4-9157-4496-98D9-C9B151F84142}
		{0BACEC0C-935F-4098-840F-93CCA687A27D} = {9A0786A4-9157-4496-98D9-C9B151F84142}
		{173246AC-7C4A-4091-8279-E81522D7D690} = {9A0786A4-9157-4496-98D9-C9B151F84142}
		{88C462C6-5BB2-4865-B767-DAC9CAECF270} = {9A0786A4-9157-4496-98D9-C9B151F84142}
		{32DAC275-36AB-4BB7-871E-284403E95A25} = {08BC1BEA-D6F8-46AC-AA1B-BECCEFC6C47B}
		{10ED9E5D-689C-4EFA-A651-5EE640F2D468} = {32DAC275-36AB-4BB7-871E-284403E95A25}
		{D2C17B69-61A7-4EBE-9794-CDA41F36A773} = {08BC1BEA-D6F8-46AC-AA1B-BECCEFC6C47B}
		{1935F1C2-C9D1-4EEE-B4E8-EADC867DE989} = {D2C17B69-61A7-4EBE-9794-CDA41F36A773}
	EndGlobalSection
	GlobalSection(ExtensibilityGlobals) = postSolution
		SolutionGuid = {B5E8E330-74C5-4613-8E2F-E23278A9D23F}
	EndGlobalSection
EndGlobal
