
Microsoft Visual Studio Solution File, Format Version 12.00
# Visual Studio Version 16
VisualStudioVersion = 16.0.29519.181
MinimumVisualStudioVersion = 10.0.40219.1
Project("{2150E333-8FDC-42A3-9474-1A3956D46DE8}") = "src", "src", "{08BC1BEA-D6F8-46AC-AA1B-BECCEFC6C47B}"
EndProject
Project("{2150E333-8FDC-42A3-9474-1A3956D46DE8}") = "Catalog", "Catalog", "{85C84A2D-B017-4905-AAA4-EEF8FF629166}"
EndProject
Project("{9A19103F-16F7-4668-BE54-9A1E7A4F7556}") = "Catalog.Api", "src\Catalog\Catalog.Api\Catalog.Api.csproj", "{65885CB9-CFB4-4512-98EA-8380A72F73E3}"
EndProject
Project("{E53339B2-1760-4266-BCC7-CA923CBCF16C}") = "docker-compose", "docker-compose.dcproj", "{85EC09F9-A354-4BF9-B0A7-850644A9799D}"
EndProject
Project("{2150E333-8FDC-42A3-9474-1A3956D46DE8}") = "Basket", "Basket", "{AB0E8AB2-B134-44B1-8F8E-0F5D9D30E87A}"
EndProject
Project("{FAE04EC0-301F-11D3-BF4B-00C04F79EFBC}") = "Basket.Api", "src\Basket\Basket.Api\Basket.Api.csproj", "{71217120-92D8-489C-A42A-72ED0D94EF20}"
EndProject
Global
	GlobalSection(SolutionConfigurationPlatforms) = preSolution
		Debug|Any CPU = Debug|Any CPU
		Release|Any CPU = Release|Any CPU
	EndGlobalSection
	GlobalSection(ProjectConfigurationPlatforms) = postSolution
		{65885CB9-CFB4-4512-98EA-8380A72F73E3}.Debug|Any CPU.ActiveCfg = Debug|Any CPU
		{65885CB9-CFB4-4512-98EA-8380A72F73E3}.Debug|Any CPU.Build.0 = Debug|Any CPU
		{65885CB9-CFB4-4512-98EA-8380A72F73E3}.Release|Any CPU.ActiveCfg = Release|Any CPU
		{65885CB9-CFB4-4512-98EA-8380A72F73E3}.Release|Any CPU.Build.0 = Release|Any CPU
		{85EC09F9-A354-4BF9-B0A7-850644A9799D}.Debug|Any CPU.ActiveCfg = Debug|Any CPU
		{85EC09F9-A354-4BF9-B0A7-850644A9799D}.Debug|Any CPU.Build.0 = Debug|Any CPU
		{85EC09F9-A354-4BF9-B0A7-850644A9799D}.Release|Any CPU.ActiveCfg = Release|Any CPU
		{85EC09F9-A354-4BF9-B0A7-850644A9799D}.Release|Any CPU.Build.0 = Release|Any CPU
		{71217120-92D8-489C-A42A-72ED0D94EF20}.Debug|Any CPU.ActiveCfg = Debug|Any CPU
		{71217120-92D8-489C-A42A-72ED0D94EF20}.Debug|Any CPU.Build.0 = Debug|Any CPU
		{71217120-92D8-489C-A42A-72ED0D94EF20}.Release|Any CPU.ActiveCfg = Release|Any CPU
		{71217120-92D8-489C-A42A-72ED0D94EF20}.Release|Any CPU.Build.0 = Release|Any CPU
	EndGlobalSection
	GlobalSection(SolutionProperties) = preSolution
		HideSolutionNode = FALSE
	EndGlobalSection
	GlobalSection(NestedProjects) = preSolution
		{85C84A2D-B017-4905-AAA4-EEF8FF629166} = {08BC1BEA-D6F8-46AC-AA1B-BECCEFC6C47B}
		{65885CB9-CFB4-4512-98EA-8380A72F73E3} = {85C84A2D-B017-4905-AAA4-EEF8FF629166}
		{AB0E8AB2-B134-44B1-8F8E-0F5D9D30E87A} = {08BC1BEA-D6F8-46AC-AA1B-BECCEFC6C47B}
		{71217120-92D8-489C-A42A-72ED0D94EF20} = {AB0E8AB2-B134-44B1-8F8E-0F5D9D30E87A}
	EndGlobalSection
	GlobalSection(ExtensibilityGlobals) = postSolution
		SolutionGuid = {B5E8E330-74C5-4613-8E2F-E23278A9D23F}
	EndGlobalSection
EndGlobal
